
Microsoft Visual Studio Solution File, Format Version 12.00
# Visual Studio Version 17
VisualStudioVersion = 17.5.2.0
MinimumVisualStudioVersion = 10.0.40219.1
Project("{9A19103F-16F7-4668-BE54-9A1E7A4F7556}") = "ReverseProxyServer.Console", "ReverseProxyServer.Console\ReverseProxyServer.Console.csproj", "{C1756583-7B65-40B3-8945-675E1A5DFE3C}"
EndProject
Project("{9A19103F-16F7-4668-BE54-9A1E7A4F7556}") = "ReverseProxyServer.Core", "ReverseProxyServer.Core\ReverseProxyServer.Core.csproj", "{A1CDBADE-9EDD-4BCC-9F78-C8DF962D5315}"
EndProject
Project("{9A19103F-16F7-4668-BE54-9A1E7A4F7556}") = "ReverseProxyServer.Data", "ReverseProxyServer.Data\ReverseProxyServer.Data.csproj", "{7D002AC7-5427-468F-B653-66E797E186DE}"
EndProject
Project("{2150E333-8FDC-42A3-9474-1A3956D46DE8}") = "Solution Items", "Solution Items", "{6D6B5E42-A941-44A3-9DD1-01094A58A3B2}"
	ProjectSection(SolutionItems) = preProject
		.editorconfig = .editorconfig
		README.md = README.md
	EndProjectSection
EndProject
Project("{9A19103F-16F7-4668-BE54-9A1E7A4F7556}") = "ReverseProxyServer.Extensions.AbuseIPDB", "ReverseProxyServer.Extensions.AbuseIPDB\ReverseProxyServer.Extensions.AbuseIPDB.csproj", "{E3A10DEC-8BF4-4ED0-864F-04E7A3C89FF0}"
EndProject
Project("{9A19103F-16F7-4668-BE54-9A1E7A4F7556}") = "Kavalan.Data.Sqlite", "..\Kavalan\Kavalan.Data.Sqlite\Kavalan.Data.Sqlite.csproj", "{65AE13DC-C677-444F-8B39-B328CB94D84F}"
EndProject
Project("{9A19103F-16F7-4668-BE54-9A1E7A4F7556}") = "Kavalan.Data.Sqlite.Repositories", "..\Kavalan\Kavalan.Data.Sqlite.Repositories\Kavalan.Data.Sqlite.Repositories.csproj", "{8208206E-EDFF-4097-9FD3-9FA60C91939C}"
EndProject
Project("{9A19103F-16F7-4668-BE54-9A1E7A4F7556}") = "Kavalan.Logging", "..\Kavalan\Kavalan.Logging\Kavalan.Logging.csproj", "{10F631D6-817B-4FB8-863E-FF5DDC46C0DB}"
EndProject
Project("{2150E333-8FDC-42A3-9474-1A3956D46DE8}") = "Kavalan", "Kavalan", "{EFBFF6C8-3F76-405F-8A37-D7DAEE344F7C}"
EndProject
Project("{9A19103F-16F7-4668-BE54-9A1E7A4F7556}") = "Kavalan.Core", "..\Kavalan\Kavalan.Core\Kavalan.Core.csproj", "{1A6FC783-D1B7-4BC1-9A9F-91C1195B4547}"
EndProject
Project("{FAE04EC0-301F-11D3-BF4B-00C04F79EFBC}") = "ReverseProxyServer.Web", "ReverseProxyServer.Web\ReverseProxyServer.Web.csproj", "{30055398-10B7-4F16-A6E6-55ADA58E9F4B}"
EndProject
Global
	GlobalSection(SolutionConfigurationPlatforms) = preSolution
		Debug|Any CPU = Debug|Any CPU
		Debug|x64 = Debug|x64
		Debug|x86 = Debug|x86
		Release|Any CPU = Release|Any CPU
		Release|x64 = Release|x64
		Release|x86 = Release|x86
	EndGlobalSection
	GlobalSection(ProjectConfigurationPlatforms) = postSolution
		{C1756583-7B65-40B3-8945-675E1A5DFE3C}.Debug|Any CPU.ActiveCfg = Debug|Any CPU
		{C1756583-7B65-40B3-8945-675E1A5DFE3C}.Debug|Any CPU.Build.0 = Debug|Any CPU
		{C1756583-7B65-40B3-8945-675E1A5DFE3C}.Debug|x64.ActiveCfg = Debug|Any CPU
		{C1756583-7B65-40B3-8945-675E1A5DFE3C}.Debug|x64.Build.0 = Debug|Any CPU
		{C1756583-7B65-40B3-8945-675E1A5DFE3C}.Debug|x86.ActiveCfg = Debug|Any CPU
		{C1756583-7B65-40B3-8945-675E1A5DFE3C}.Debug|x86.Build.0 = Debug|Any CPU
		{C1756583-7B65-40B3-8945-675E1A5DFE3C}.Release|Any CPU.ActiveCfg = Release|Any CPU
		{C1756583-7B65-40B3-8945-675E1A5DFE3C}.Release|Any CPU.Build.0 = Release|Any CPU
		{C1756583-7B65-40B3-8945-675E1A5DFE3C}.Release|x64.ActiveCfg = Release|Any CPU
		{C1756583-7B65-40B3-8945-675E1A5DFE3C}.Release|x64.Build.0 = Release|Any CPU
		{C1756583-7B65-40B3-8945-675E1A5DFE3C}.Release|x86.ActiveCfg = Release|Any CPU
		{C1756583-7B65-40B3-8945-675E1A5DFE3C}.Release|x86.Build.0 = Release|Any CPU
		{A1CDBADE-9EDD-4BCC-9F78-C8DF962D5315}.Debug|Any CPU.ActiveCfg = Debug|Any CPU
		{A1CDBADE-9EDD-4BCC-9F78-C8DF962D5315}.Debug|Any CPU.Build.0 = Debug|Any CPU
		{A1CDBADE-9EDD-4BCC-9F78-C8DF962D5315}.Debug|x64.ActiveCfg = Debug|Any CPU
		{A1CDBADE-9EDD-4BCC-9F78-C8DF962D5315}.Debug|x64.Build.0 = Debug|Any CPU
		{A1CDBADE-9EDD-4BCC-9F78-C8DF962D5315}.Debug|x86.ActiveCfg = Debug|Any CPU
		{A1CDBADE-9EDD-4BCC-9F78-C8DF962D5315}.Debug|x86.Build.0 = Debug|Any CPU
		{A1CDBADE-9EDD-4BCC-9F78-C8DF962D5315}.Release|Any CPU.ActiveCfg = Release|Any CPU
		{A1CDBADE-9EDD-4BCC-9F78-C8DF962D5315}.Release|Any CPU.Build.0 = Release|Any CPU
		{A1CDBADE-9EDD-4BCC-9F78-C8DF962D5315}.Release|x64.ActiveCfg = Release|Any CPU
		{A1CDBADE-9EDD-4BCC-9F78-C8DF962D5315}.Release|x64.Build.0 = Release|Any CPU
		{A1CDBADE-9EDD-4BCC-9F78-C8DF962D5315}.Release|x86.ActiveCfg = Release|Any CPU
		{A1CDBADE-9EDD-4BCC-9F78-C8DF962D5315}.Release|x86.Build.0 = Release|Any CPU
		{7D002AC7-5427-468F-B653-66E797E186DE}.Debug|Any CPU.ActiveCfg = Debug|Any CPU
		{7D002AC7-5427-468F-B653-66E797E186DE}.Debug|Any CPU.Build.0 = Debug|Any CPU
		{7D002AC7-5427-468F-B653-66E797E186DE}.Debug|x64.ActiveCfg = Debug|Any CPU
		{7D002AC7-5427-468F-B653-66E797E186DE}.Debug|x64.Build.0 = Debug|Any CPU
		{7D002AC7-5427-468F-B653-66E797E186DE}.Debug|x86.ActiveCfg = Debug|Any CPU
		{7D002AC7-5427-468F-B653-66E797E186DE}.Debug|x86.Build.0 = Debug|Any CPU
		{7D002AC7-5427-468F-B653-66E797E186DE}.Release|Any CPU.ActiveCfg = Release|Any CPU
		{7D002AC7-5427-468F-B653-66E797E186DE}.Release|Any CPU.Build.0 = Release|Any CPU
		{7D002AC7-5427-468F-B653-66E797E186DE}.Release|x64.ActiveCfg = Release|Any CPU
		{7D002AC7-5427-468F-B653-66E797E186DE}.Release|x64.Build.0 = Release|Any CPU
		{7D002AC7-5427-468F-B653-66E797E186DE}.Release|x86.ActiveCfg = Release|Any CPU
		{7D002AC7-5427-468F-B653-66E797E186DE}.Release|x86.Build.0 = Release|Any CPU
		{E3A10DEC-8BF4-4ED0-864F-04E7A3C89FF0}.Debug|Any CPU.ActiveCfg = Debug|Any CPU
		{E3A10DEC-8BF4-4ED0-864F-04E7A3C89FF0}.Debug|Any CPU.Build.0 = Debug|Any CPU
		{E3A10DEC-8BF4-4ED0-864F-04E7A3C89FF0}.Debug|x64.ActiveCfg = Debug|Any CPU
		{E3A10DEC-8BF4-4ED0-864F-04E7A3C89FF0}.Debug|x64.Build.0 = Debug|Any CPU
		{E3A10DEC-8BF4-4ED0-864F-04E7A3C89FF0}.Debug|x86.ActiveCfg = Debug|Any CPU
		{E3A10DEC-8BF4-4ED0-864F-04E7A3C89FF0}.Debug|x86.Build.0 = Debug|Any CPU
		{E3A10DEC-8BF4-4ED0-864F-04E7A3C89FF0}.Release|Any CPU.ActiveCfg = Release|Any CPU
		{E3A10DEC-8BF4-4ED0-864F-04E7A3C89FF0}.Release|Any CPU.Build.0 = Release|Any CPU
		{E3A10DEC-8BF4-4ED0-864F-04E7A3C89FF0}.Release|x64.ActiveCfg = Release|Any CPU
		{E3A10DEC-8BF4-4ED0-864F-04E7A3C89FF0}.Release|x64.Build.0 = Release|Any CPU
		{E3A10DEC-8BF4-4ED0-864F-04E7A3C89FF0}.Release|x86.ActiveCfg = Release|Any CPU
		{E3A10DEC-8BF4-4ED0-864F-04E7A3C89FF0}.Release|x86.Build.0 = Release|Any CPU
		{65AE13DC-C677-444F-8B39-B328CB94D84F}.Debug|Any CPU.ActiveCfg = Debug|Any CPU
		{65AE13DC-C677-444F-8B39-B328CB94D84F}.Debug|Any CPU.Build.0 = Debug|Any CPU
		{65AE13DC-C677-444F-8B39-B328CB94D84F}.Debug|x64.ActiveCfg = Debug|Any CPU
		{65AE13DC-C677-444F-8B39-B328CB94D84F}.Debug|x64.Build.0 = Debug|Any CPU
		{65AE13DC-C677-444F-8B39-B328CB94D84F}.Debug|x86.ActiveCfg = Debug|Any CPU
		{65AE13DC-C677-444F-8B39-B328CB94D84F}.Debug|x86.Build.0 = Debug|Any CPU
		{65AE13DC-C677-444F-8B39-B328CB94D84F}.Release|Any CPU.ActiveCfg = Release|Any CPU
		{65AE13DC-C677-444F-8B39-B328CB94D84F}.Release|Any CPU.Build.0 = Release|Any CPU
		{65AE13DC-C677-444F-8B39-B328CB94D84F}.Release|x64.ActiveCfg = Release|Any CPU
		{65AE13DC-C677-444F-8B39-B328CB94D84F}.Release|x64.Build.0 = Release|Any CPU
		{65AE13DC-C677-444F-8B39-B328CB94D84F}.Release|x86.ActiveCfg = Release|Any CPU
		{65AE13DC-C677-444F-8B39-B328CB94D84F}.Release|x86.Build.0 = Release|Any CPU
		{8208206E-EDFF-4097-9FD3-9FA60C91939C}.Debug|Any CPU.ActiveCfg = Debug|Any CPU
		{8208206E-EDFF-4097-9FD3-9FA60C91939C}.Debug|Any CPU.Build.0 = Debug|Any CPU
		{8208206E-EDFF-4097-9FD3-9FA60C91939C}.Debug|x64.ActiveCfg = Debug|Any CPU
		{8208206E-EDFF-4097-9FD3-9FA60C91939C}.Debug|x64.Build.0 = Debug|Any CPU
		{8208206E-EDFF-4097-9FD3-9FA60C91939C}.Debug|x86.ActiveCfg = Debug|Any CPU
		{8208206E-EDFF-4097-9FD3-9FA60C91939C}.Debug|x86.Build.0 = Debug|Any CPU
		{8208206E-EDFF-4097-9FD3-9FA60C91939C}.Release|Any CPU.ActiveCfg = Release|Any CPU
		{8208206E-EDFF-4097-9FD3-9FA60C91939C}.Release|Any CPU.Build.0 = Release|Any CPU
		{8208206E-EDFF-4097-9FD3-9FA60C91939C}.Release|x64.ActiveCfg = Release|Any CPU
		{8208206E-EDFF-4097-9FD3-9FA60C91939C}.Release|x64.Build.0 = Release|Any CPU
		{8208206E-EDFF-4097-9FD3-9FA60C91939C}.Release|x86.ActiveCfg = Release|Any CPU
		{8208206E-EDFF-4097-9FD3-9FA60C91939C}.Release|x86.Build.0 = Release|Any CPU
		{10F631D6-817B-4FB8-863E-FF5DDC46C0DB}.Debug|Any CPU.ActiveCfg = Debug|Any CPU
		{10F631D6-817B-4FB8-863E-FF5DDC46C0DB}.Debug|Any CPU.Build.0 = Debug|Any CPU
		{10F631D6-817B-4FB8-863E-FF5DDC46C0DB}.Debug|x64.ActiveCfg = Debug|Any CPU
		{10F631D6-817B-4FB8-863E-FF5DDC46C0DB}.Debug|x64.Build.0 = Debug|Any CPU
		{10F631D6-817B-4FB8-863E-FF5DDC46C0DB}.Debug|x86.ActiveCfg = Debug|Any CPU
		{10F631D6-817B-4FB8-863E-FF5DDC46C0DB}.Debug|x86.Build.0 = Debug|Any CPU
		{10F631D6-817B-4FB8-863E-FF5DDC46C0DB}.Release|Any CPU.ActiveCfg = Release|Any CPU
		{10F631D6-817B-4FB8-863E-FF5DDC46C0DB}.Release|Any CPU.Build.0 = Release|Any CPU
		{10F631D6-817B-4FB8-863E-FF5DDC46C0DB}.Release|x64.ActiveCfg = Release|Any CPU
		{10F631D6-817B-4FB8-863E-FF5DDC46C0DB}.Release|x64.Build.0 = Release|Any CPU
		{10F631D6-817B-4FB8-863E-FF5DDC46C0DB}.Release|x86.ActiveCfg = Release|Any CPU
		{10F631D6-817B-4FB8-863E-FF5DDC46C0DB}.Release|x86.Build.0 = Release|Any CPU
		{1A6FC783-D1B7-4BC1-9A9F-91C1195B4547}.Debug|Any CPU.ActiveCfg = Debug|Any CPU
		{1A6FC783-D1B7-4BC1-9A9F-91C1195B4547}.Debug|Any CPU.Build.0 = Debug|Any CPU
		{1A6FC783-D1B7-4BC1-9A9F-91C1195B4547}.Debug|x64.ActiveCfg = Debug|Any CPU
		{1A6FC783-D1B7-4BC1-9A9F-91C1195B4547}.Debug|x64.Build.0 = Debug|Any CPU
		{1A6FC783-D1B7-4BC1-9A9F-91C1195B4547}.Debug|x86.ActiveCfg = Debug|Any CPU
		{1A6FC783-D1B7-4BC1-9A9F-91C1195B4547}.Debug|x86.Build.0 = Debug|Any CPU
		{1A6FC783-D1B7-4BC1-9A9F-91C1195B4547}.Release|Any CPU.ActiveCfg = Release|Any CPU
		{1A6FC783-D1B7-4BC1-9A9F-91C1195B4547}.Release|Any CPU.Build.0 = Release|Any CPU
		{1A6FC783-D1B7-4BC1-9A9F-91C1195B4547}.Release|x64.ActiveCfg = Release|Any CPU
		{1A6FC783-D1B7-4BC1-9A9F-91C1195B4547}.Release|x64.Build.0 = Release|Any CPU
		{1A6FC783-D1B7-4BC1-9A9F-91C1195B4547}.Release|x86.ActiveCfg = Release|Any CPU
		{1A6FC783-D1B7-4BC1-9A9F-91C1195B4547}.Release|x86.Build.0 = Release|Any CPU
		{30055398-10B7-4F16-A6E6-55ADA58E9F4B}.Debug|Any CPU.ActiveCfg = Debug|Any CPU
		{30055398-10B7-4F16-A6E6-55ADA58E9F4B}.Debug|Any CPU.Build.0 = Debug|Any CPU
		{30055398-10B7-4F16-A6E6-55ADA58E9F4B}.Debug|x64.ActiveCfg = Debug|Any CPU
		{30055398-10B7-4F16-A6E6-55ADA58E9F4B}.Debug|x64.Build.0 = Debug|Any CPU
		{30055398-10B7-4F16-A6E6-55ADA58E9F4B}.Debug|x86.ActiveCfg = Debug|Any CPU
		{30055398-10B7-4F16-A6E6-55ADA58E9F4B}.Debug|x86.Build.0 = Debug|Any CPU
		{30055398-10B7-4F16-A6E6-55ADA58E9F4B}.Release|Any CPU.ActiveCfg = Release|Any CPU
		{30055398-10B7-4F16-A6E6-55ADA58E9F4B}.Release|Any CPU.Build.0 = Release|Any CPU
		{30055398-10B7-4F16-A6E6-55ADA58E9F4B}.Release|x64.ActiveCfg = Release|Any CPU
		{30055398-10B7-4F16-A6E6-55ADA58E9F4B}.Release|x64.Build.0 = Release|Any CPU
		{30055398-10B7-4F16-A6E6-55ADA58E9F4B}.Release|x86.ActiveCfg = Release|Any CPU
		{30055398-10B7-4F16-A6E6-55ADA58E9F4B}.Release|x86.Build.0 = Release|Any CPU
	EndGlobalSection
	GlobalSection(SolutionProperties) = preSolution
		HideSolutionNode = FALSE
	EndGlobalSection
	GlobalSection(NestedProjects) = preSolution
		{65AE13DC-C677-444F-8B39-B328CB94D84F} = {EFBFF6C8-3F76-405F-8A37-D7DAEE344F7C}
		{8208206E-EDFF-4097-9FD3-9FA60C91939C} = {EFBFF6C8-3F76-405F-8A37-D7DAEE344F7C}
		{10F631D6-817B-4FB8-863E-FF5DDC46C0DB} = {EFBFF6C8-3F76-405F-8A37-D7DAEE344F7C}
		{1A6FC783-D1B7-4BC1-9A9F-91C1195B4547} = {EFBFF6C8-3F76-405F-8A37-D7DAEE344F7C}
	EndGlobalSection
	GlobalSection(ExtensibilityGlobals) = postSolution
		SolutionGuid = {2B974930-790E-4BA0-826A-A612969099D1}
	EndGlobalSection
EndGlobal
