
Microsoft Visual Studio Solution File, Format Version 12.00
# Visual Studio Version 17
VisualStudioVersion = 17.5.002.0
MinimumVisualStudioVersion = 10.0.40219.1
Project("{9A19103F-16F7-4668-BE54-9A1E7A4F7556}") = "ReverseProxyServer.Console", "ReverseProxyServer.Console\ReverseProxyServer.Console.csproj", "{C1756583-7B65-40B3-8945-675E1A5DFE3C}"
EndProject
Project("{9A19103F-16F7-4668-BE54-9A1E7A4F7556}") = "ReverseProxyServer.Core", "ReverseProxyServer.Core\ReverseProxyServer.Core.csproj", "{A1CDBADE-9EDD-4BCC-9F78-C8DF962D5315}"
EndProject
Project("{9A19103F-16F7-4668-BE54-9A1E7A4F7556}") = "ReverseProxyServer.Data", "ReverseProxyServer.Data\ReverseProxyServer.Data.csproj", "{7D002AC7-5427-468F-B653-66E797E186DE}"
EndProject
Project("{9A19103F-16F7-4668-BE54-9A1E7A4F7556}") = "ReverseProxySever.Logging", "ReverseProxySever.Logging\ReverseProxySever.Logging.csproj", "{0ECB64FF-307F-474B-A227-79914C329964}"
EndProject
Project("{2150E333-8FDC-42A3-9474-1A3956D46DE8}") = "Solution Items", "Solution Items", "{6D6B5E42-A941-44A3-9DD1-01094A58A3B2}"
	ProjectSection(SolutionItems) = preProject
		README.md = README.md
	EndProjectSection
EndProject
Global
	GlobalSection(SolutionConfigurationPlatforms) = preSolution
		Debug|Any CPU = Debug|Any CPU
		Release|Any CPU = Release|Any CPU
	EndGlobalSection
	GlobalSection(ProjectConfigurationPlatforms) = postSolution
		{C1756583-7B65-40B3-8945-675E1A5DFE3C}.Debug|Any CPU.ActiveCfg = Debug|Any CPU
		{C1756583-7B65-40B3-8945-675E1A5DFE3C}.Debug|Any CPU.Build.0 = Debug|Any CPU
		{C1756583-7B65-40B3-8945-675E1A5DFE3C}.Release|Any CPU.ActiveCfg = Release|Any CPU
		{C1756583-7B65-40B3-8945-675E1A5DFE3C}.Release|Any CPU.Build.0 = Release|Any CPU
		{A1CDBADE-9EDD-4BCC-9F78-C8DF962D5315}.Debug|Any CPU.ActiveCfg = Debug|Any CPU
		{A1CDBADE-9EDD-4BCC-9F78-C8DF962D5315}.Debug|Any CPU.Build.0 = Debug|Any CPU
		{A1CDBADE-9EDD-4BCC-9F78-C8DF962D5315}.Release|Any CPU.ActiveCfg = Release|Any CPU
		{A1CDBADE-9EDD-4BCC-9F78-C8DF962D5315}.Release|Any CPU.Build.0 = Release|Any CPU
		{7D002AC7-5427-468F-B653-66E797E186DE}.Debug|Any CPU.ActiveCfg = Debug|Any CPU
		{7D002AC7-5427-468F-B653-66E797E186DE}.Debug|Any CPU.Build.0 = Debug|Any CPU
		{7D002AC7-5427-468F-B653-66E797E186DE}.Release|Any CPU.ActiveCfg = Release|Any CPU
		{7D002AC7-5427-468F-B653-66E797E186DE}.Release|Any CPU.Build.0 = Release|Any CPU
		{0ECB64FF-307F-474B-A227-79914C329964}.Debug|Any CPU.ActiveCfg = Debug|Any CPU
		{0ECB64FF-307F-474B-A227-79914C329964}.Debug|Any CPU.Build.0 = Debug|Any CPU
		{0ECB64FF-307F-474B-A227-79914C329964}.Release|Any CPU.ActiveCfg = Release|Any CPU
		{0ECB64FF-307F-474B-A227-79914C329964}.Release|Any CPU.Build.0 = Release|Any CPU
	EndGlobalSection
	GlobalSection(SolutionProperties) = preSolution
		HideSolutionNode = FALSE
	EndGlobalSection
	GlobalSection(ExtensibilityGlobals) = postSolution
		SolutionGuid = {2B974930-790E-4BA0-826A-A612969099D1}
	EndGlobalSection
EndGlobal
